{
  "object": {
    "pins": [
      {
        "package": "SwiftLintPlugins",
        "repositoryURL": "https://github.com/SimplyDanny/SwiftLintPlugins",
        "state": {
          "branch": null,
          "revision": "8a4640d14777685ba8f14e832373160498fbab92",
          "version": "0.63.2"
        }
      }
    ]
  },
  "version": 1
}
