{
  "object": {
    "pins": [
      {
        "package": "SwiftLintPlugins",
        "repositoryURL": "https://github.com/SimplyDanny/SwiftLintPlugins",
        "state": {
          "branch": null,
          "revision": "707f7face5524fe918f82dd39c5c80cb3e591a44",
          "version": "0.63.0"
        }
      }
    ]
  },
  "version": 1
}
