PODS:
  - Starscream (3.1.1)
  - WebRTC (86.4240.10.0)

DEPENDENCIES:
  - Starscream (= 3.1.1)
  - WebRTC (= 86.4240.10.0)

SPEC REPOS:
  https://github.com/CocoaPods/Specs.git:
    - Starscream
  https://github.com/soudegesu/sora-macos-sdk-specs.git:
    - WebRTC

SPEC CHECKSUMS:
  Starscream: 4bb2f9942274833f7b4d296a55504dcfc7edb7b0
  WebRTC: 25638323613274dce1e459522a9d71e9d0ce0c36

PODFILE CHECKSUM: e270df1034461908db9aeb53dc5646d69f641b29

COCOAPODS: 1.10.1
