// !$*UTF8*$!
{
	archiveVersion = 1;
	classes = {
	};
	objectVersion = 46;
	objects = {

/* Begin PBXAggregateTarget section */
		918201871D585E1A00178E2B /* Carthage */ = {
			isa = PBXAggregateTarget;
			buildConfigurationList = 9182018A1D585E1B00178E2B /* Build configuration list for PBXAggregateTarget "Carthage" */;
			buildPhases = (
				9182018B1D585E2500178E2B /* ShellScript */,
			);
			dependencies = (
			);
			name = Carthage;
			productName = Carthage;
		};
/* End PBXAggregateTarget section */

/* Begin PBXBuildFile section */
		9100904E1E58B4470099E00E /* VideoView.xib in Resources */ = {isa = PBXBuildFile; fileRef = 9100904D1E58B4470099E00E /* VideoView.xib */; };
		910090501E58B5450099E00E /* VideoView.swift in Sources */ = {isa = PBXBuildFile; fileRef = 9100904F1E58B5450099E00E /* VideoView.swift */; };
		91192F741D598E4600F92D78 /* Message.swift in Sources */ = {isa = PBXBuildFile; fileRef = 91192F731D598E4600F92D78 /* Message.swift */; };
		9138B4D01E655728006A76FB /* BuildInfo.swift in Sources */ = {isa = PBXBuildFile; fileRef = 9138B4CF1E655728006A76FB /* BuildInfo.swift */; };
		9139343A1DD9D9A2002F3F6A /* EventHandlers.swift in Sources */ = {isa = PBXBuildFile; fileRef = 913934391DD9D9A2002F3F6A /* EventHandlers.swift */; };
		913C80651E8D00C200D83864 /* Extensions.swift in Sources */ = {isa = PBXBuildFile; fileRef = 913C80641E8D00C200D83864 /* Extensions.swift */; };
		91577A031D85CB1700A5AF9F /* MediaConnection.swift in Sources */ = {isa = PBXBuildFile; fileRef = 91577A021D85CB1700A5AF9F /* MediaConnection.swift */; };
		91705B801DED66D300D79306 /* WebRTC.framework in Frameworks */ = {isa = PBXBuildFile; fileRef = 918201901D58668E00178E2B /* WebRTC.framework */; };
		91715A7B1D5DB3B50004C995 /* WebRTC.framework in Frameworks */ = {isa = PBXBuildFile; fileRef = 918201901D58668E00178E2B /* WebRTC.framework */; };
		91715A851D5DF2570004C995 /* WebRTC.framework in CopyFiles */ = {isa = PBXBuildFile; fileRef = 918201901D58668E00178E2B /* WebRTC.framework */; settings = {ATTRIBUTES = (CodeSignOnCopy, RemoveHeadersOnCopy, ); }; };
		91715A861D5DF25B0004C995 /* SocketRocket.framework in CopyFiles */ = {isa = PBXBuildFile; fileRef = 918201911D58668E00178E2B /* SocketRocket.framework */; settings = {ATTRIBUTES = (CodeSignOnCopy, RemoveHeadersOnCopy, ); }; };
		918201941D58668E00178E2B /* SocketRocket.framework in Frameworks */ = {isa = PBXBuildFile; fileRef = 918201911D58668E00178E2B /* SocketRocket.framework */; };
		918A6DF71DA4DDC800028E3E /* Unbox.framework in Frameworks */ = {isa = PBXBuildFile; fileRef = 918A6DF61DA4DDC800028E3E /* Unbox.framework */; };
		91A2FD551E25421B0081ADF9 /* PeerConnection.swift in Sources */ = {isa = PBXBuildFile; fileRef = 91A2FD541E25421B0081ADF9 /* PeerConnection.swift */; };
		91B1D6461D75E11F00112A4E /* VideoRenderer.swift in Sources */ = {isa = PBXBuildFile; fileRef = 91B1D6451D75E11F00112A4E /* VideoRenderer.swift */; };
		91C109271E4A3199009F11F7 /* ConnectionController.storyboard in Resources */ = {isa = PBXBuildFile; fileRef = 91C109201E4A3198009F11F7 /* ConnectionController.storyboard */; };
		91C109281E4A3199009F11F7 /* AudioCodecViewController.swift in Sources */ = {isa = PBXBuildFile; fileRef = 91C109211E4A3199009F11F7 /* AudioCodecViewController.swift */; };
		91C109291E4A3199009F11F7 /* ConnectionViewController.swift in Sources */ = {isa = PBXBuildFile; fileRef = 91C109221E4A3199009F11F7 /* ConnectionViewController.swift */; };
		91C1092A1E4A3199009F11F7 /* ConnectionController.swift in Sources */ = {isa = PBXBuildFile; fileRef = 91C109231E4A3199009F11F7 /* ConnectionController.swift */; };
		91C1092B1E4A3199009F11F7 /* RoleViewController.swift in Sources */ = {isa = PBXBuildFile; fileRef = 91C109241E4A3199009F11F7 /* RoleViewController.swift */; };
		91C1092C1E4A3199009F11F7 /* VideoCodecViewController.swift in Sources */ = {isa = PBXBuildFile; fileRef = 91C109251E4A3199009F11F7 /* VideoCodecViewController.swift */; };
		91C1092D1E4A3199009F11F7 /* ConnectionNavigationController.swift in Sources */ = {isa = PBXBuildFile; fileRef = 91C109261E4A3199009F11F7 /* ConnectionNavigationController.swift */; };
		91C4655E1D6376AC00AD9C28 /* JSON.swift in Sources */ = {isa = PBXBuildFile; fileRef = 91C4655D1D6376AC00AD9C28 /* JSON.swift */; };
		91C7B08D1D54636A006F5FA2 /* Sora.h in Headers */ = {isa = PBXBuildFile; fileRef = 91C7B08C1D54636A006F5FA2 /* Sora.h */; settings = {ATTRIBUTES = (Public, ); }; };
		91C7B0941D54636A006F5FA2 /* Sora.framework in Frameworks */ = {isa = PBXBuildFile; fileRef = 91C7B0891D54636A006F5FA2 /* Sora.framework */; };
		91C7B0991D54636A006F5FA2 /* SoraTests.swift in Sources */ = {isa = PBXBuildFile; fileRef = 91C7B0981D54636A006F5FA2 /* SoraTests.swift */; };
		91DB5E9E1D6F43A5007744BF /* Connection.swift in Sources */ = {isa = PBXBuildFile; fileRef = 91DB5E9D1D6F43A5007744BF /* Connection.swift */; };
		91DD141E1DC872F1005881C2 /* Event.swift in Sources */ = {isa = PBXBuildFile; fileRef = 91DD141D1DC872F1005881C2 /* Event.swift */; };
		91E098841D799389004CF024 /* MediaStream.swift in Sources */ = {isa = PBXBuildFile; fileRef = 91E098831D799389004CF024 /* MediaStream.swift */; };
		91F82F751DF04BA600F8D923 /* MediaOption.swift in Sources */ = {isa = PBXBuildFile; fileRef = 91F82F741DF04BA600F8D923 /* MediaOption.swift */; };
		91FA6F211D93CA9800D38DB4 /* VideoFrame.swift in Sources */ = {isa = PBXBuildFile; fileRef = 91FA6F201D93CA9800D38DB4 /* VideoFrame.swift */; };
		91FD95751DCA06F700047BA9 /* RTCExtensions.swift in Sources */ = {isa = PBXBuildFile; fileRef = 91FD95741DCA06F700047BA9 /* RTCExtensions.swift */; };
/* End PBXBuildFile section */

/* Begin PBXContainerItemProxy section */
		91C7B0951D54636A006F5FA2 /* PBXContainerItemProxy */ = {
			isa = PBXContainerItemProxy;
			containerPortal = 91C7B0801D54636A006F5FA2 /* Project object */;
			proxyType = 1;
			remoteGlobalIDString = 91C7B0881D54636A006F5FA2;
			remoteInfo = Sora;
		};
/* End PBXContainerItemProxy section */

/* Begin PBXCopyFilesBuildPhase section */
		91715A831D5DF22F0004C995 /* CopyFiles */ = {
			isa = PBXCopyFilesBuildPhase;
			buildActionMask = 2147483647;
			dstPath = "";
			dstSubfolderSpec = 10;
			files = (
				91715A861D5DF25B0004C995 /* SocketRocket.framework in CopyFiles */,
				91715A851D5DF2570004C995 /* WebRTC.framework in CopyFiles */,
			);
			runOnlyForDeploymentPostprocessing = 0;
		};
/* End PBXCopyFilesBuildPhase section */

/* Begin PBXFileReference section */
		9100904D1E58B4470099E00E /* VideoView.xib */ = {isa = PBXFileReference; fileEncoding = 4; lastKnownFileType = file.xib; path = VideoView.xib; sourceTree = "<group>"; };
		9100904F1E58B5450099E00E /* VideoView.swift */ = {isa = PBXFileReference; fileEncoding = 4; lastKnownFileType = sourcecode.swift; path = VideoView.swift; sourceTree = "<group>"; };
		91192F731D598E4600F92D78 /* Message.swift */ = {isa = PBXFileReference; fileEncoding = 4; lastKnownFileType = sourcecode.swift; path = Message.swift; sourceTree = "<group>"; };
		9138B4CF1E655728006A76FB /* BuildInfo.swift */ = {isa = PBXFileReference; fileEncoding = 4; lastKnownFileType = sourcecode.swift; path = BuildInfo.swift; sourceTree = "<group>"; };
		913934391DD9D9A2002F3F6A /* EventHandlers.swift */ = {isa = PBXFileReference; fileEncoding = 4; lastKnownFileType = sourcecode.swift; path = EventHandlers.swift; sourceTree = "<group>"; };
		913C80641E8D00C200D83864 /* Extensions.swift */ = {isa = PBXFileReference; fileEncoding = 4; lastKnownFileType = sourcecode.swift; path = Extensions.swift; sourceTree = "<group>"; };
		91577A021D85CB1700A5AF9F /* MediaConnection.swift */ = {isa = PBXFileReference; fileEncoding = 4; lastKnownFileType = sourcecode.swift; path = MediaConnection.swift; sourceTree = "<group>"; };
		918201901D58668E00178E2B /* WebRTC.framework */ = {isa = PBXFileReference; lastKnownFileType = wrapper.framework; name = WebRTC.framework; path = Carthage/Build/iOS/WebRTC.framework; sourceTree = "<group>"; };
		918201911D58668E00178E2B /* SocketRocket.framework */ = {isa = PBXFileReference; lastKnownFileType = wrapper.framework; name = SocketRocket.framework; path = Carthage/Build/iOS/SocketRocket.framework; sourceTree = "<group>"; };
		918A6DF61DA4DDC800028E3E /* Unbox.framework */ = {isa = PBXFileReference; lastKnownFileType = wrapper.framework; name = Unbox.framework; path = Carthage/Build/iOS/Unbox.framework; sourceTree = "<group>"; };
		91A2FD541E25421B0081ADF9 /* PeerConnection.swift */ = {isa = PBXFileReference; fileEncoding = 4; lastKnownFileType = sourcecode.swift; path = PeerConnection.swift; sourceTree = "<group>"; };
		91B1D6451D75E11F00112A4E /* VideoRenderer.swift */ = {isa = PBXFileReference; fileEncoding = 4; lastKnownFileType = sourcecode.swift; path = VideoRenderer.swift; sourceTree = "<group>"; };
		91C109201E4A3198009F11F7 /* ConnectionController.storyboard */ = {isa = PBXFileReference; fileEncoding = 4; lastKnownFileType = file.storyboard; path = ConnectionController.storyboard; sourceTree = "<group>"; };
		91C109211E4A3199009F11F7 /* AudioCodecViewController.swift */ = {isa = PBXFileReference; fileEncoding = 4; lastKnownFileType = sourcecode.swift; path = AudioCodecViewController.swift; sourceTree = "<group>"; };
		91C109221E4A3199009F11F7 /* ConnectionViewController.swift */ = {isa = PBXFileReference; fileEncoding = 4; lastKnownFileType = sourcecode.swift; path = ConnectionViewController.swift; sourceTree = "<group>"; };
		91C109231E4A3199009F11F7 /* ConnectionController.swift */ = {isa = PBXFileReference; fileEncoding = 4; lastKnownFileType = sourcecode.swift; path = ConnectionController.swift; sourceTree = "<group>"; };
		91C109241E4A3199009F11F7 /* RoleViewController.swift */ = {isa = PBXFileReference; fileEncoding = 4; lastKnownFileType = sourcecode.swift; path = RoleViewController.swift; sourceTree = "<group>"; };
		91C109251E4A3199009F11F7 /* VideoCodecViewController.swift */ = {isa = PBXFileReference; fileEncoding = 4; lastKnownFileType = sourcecode.swift; path = VideoCodecViewController.swift; sourceTree = "<group>"; };
		91C109261E4A3199009F11F7 /* ConnectionNavigationController.swift */ = {isa = PBXFileReference; fileEncoding = 4; lastKnownFileType = sourcecode.swift; path = ConnectionNavigationController.swift; sourceTree = "<group>"; };
		91C4655D1D6376AC00AD9C28 /* JSON.swift */ = {isa = PBXFileReference; fileEncoding = 4; lastKnownFileType = sourcecode.swift; path = JSON.swift; sourceTree = "<group>"; };
		91C7B0891D54636A006F5FA2 /* Sora.framework */ = {isa = PBXFileReference; explicitFileType = wrapper.framework; includeInIndex = 0; path = Sora.framework; sourceTree = BUILT_PRODUCTS_DIR; };
		91C7B08C1D54636A006F5FA2 /* Sora.h */ = {isa = PBXFileReference; lastKnownFileType = sourcecode.c.h; path = Sora.h; sourceTree = "<group>"; };
		91C7B08E1D54636A006F5FA2 /* Info.plist */ = {isa = PBXFileReference; lastKnownFileType = text.plist.xml; path = Info.plist; sourceTree = "<group>"; };
		91C7B0931D54636A006F5FA2 /* SoraTests.xctest */ = {isa = PBXFileReference; explicitFileType = wrapper.cfbundle; includeInIndex = 0; path = SoraTests.xctest; sourceTree = BUILT_PRODUCTS_DIR; };
		91C7B0981D54636A006F5FA2 /* SoraTests.swift */ = {isa = PBXFileReference; lastKnownFileType = sourcecode.swift; path = SoraTests.swift; sourceTree = "<group>"; };
		91C7B09A1D54636A006F5FA2 /* Info.plist */ = {isa = PBXFileReference; lastKnownFileType = text.plist.xml; path = Info.plist; sourceTree = "<group>"; };
		91C7B0A81D5463EA006F5FA2 /* Cartfile */ = {isa = PBXFileReference; fileEncoding = 4; lastKnownFileType = text; path = Cartfile; sourceTree = "<group>"; };
		91DB5E9D1D6F43A5007744BF /* Connection.swift */ = {isa = PBXFileReference; fileEncoding = 4; lastKnownFileType = sourcecode.swift; path = Connection.swift; sourceTree = "<group>"; };
		91DD141D1DC872F1005881C2 /* Event.swift */ = {isa = PBXFileReference; fileEncoding = 4; lastKnownFileType = sourcecode.swift; path = Event.swift; sourceTree = "<group>"; };
		91E098831D799389004CF024 /* MediaStream.swift */ = {isa = PBXFileReference; fileEncoding = 4; lastKnownFileType = sourcecode.swift; path = MediaStream.swift; sourceTree = "<group>"; };
		91F82F741DF04BA600F8D923 /* MediaOption.swift */ = {isa = PBXFileReference; fileEncoding = 4; lastKnownFileType = sourcecode.swift; path = MediaOption.swift; sourceTree = "<group>"; };
		91FA6F201D93CA9800D38DB4 /* VideoFrame.swift */ = {isa = PBXFileReference; fileEncoding = 4; lastKnownFileType = sourcecode.swift; path = VideoFrame.swift; sourceTree = "<group>"; };
		91FD95741DCA06F700047BA9 /* RTCExtensions.swift */ = {isa = PBXFileReference; fileEncoding = 4; lastKnownFileType = sourcecode.swift; path = RTCExtensions.swift; sourceTree = "<group>"; };
/* End PBXFileReference section */

/* Begin PBXFrameworksBuildPhase section */
		91C7B0851D54636A006F5FA2 /* Frameworks */ = {
			isa = PBXFrameworksBuildPhase;
			buildActionMask = 2147483647;
			files = (
				918201941D58668E00178E2B /* SocketRocket.framework in Frameworks */,
				918A6DF71DA4DDC800028E3E /* Unbox.framework in Frameworks */,
				91705B801DED66D300D79306 /* WebRTC.framework in Frameworks */,
			);
			runOnlyForDeploymentPostprocessing = 0;
		};
		91C7B0901D54636A006F5FA2 /* Frameworks */ = {
			isa = PBXFrameworksBuildPhase;
			buildActionMask = 2147483647;
			files = (
				91C7B0941D54636A006F5FA2 /* Sora.framework in Frameworks */,
				91715A7B1D5DB3B50004C995 /* WebRTC.framework in Frameworks */,
			);
			runOnlyForDeploymentPostprocessing = 0;
		};
/* End PBXFrameworksBuildPhase section */

/* Begin PBXGroup section */
		9182018E1D58667600178E2B /* Frameworks */ = {
			isa = PBXGroup;
			children = (
				918A6DF61DA4DDC800028E3E /* Unbox.framework */,
				918201901D58668E00178E2B /* WebRTC.framework */,
				918201911D58668E00178E2B /* SocketRocket.framework */,
			);
			name = Frameworks;
			sourceTree = "<group>";
		};
		91C1091F1E4A3036009F11F7 /* ConnectionController */ = {
			isa = PBXGroup;
			children = (
				91C109201E4A3198009F11F7 /* ConnectionController.storyboard */,
				91C109211E4A3199009F11F7 /* AudioCodecViewController.swift */,
				91C109231E4A3199009F11F7 /* ConnectionController.swift */,
				91C109261E4A3199009F11F7 /* ConnectionNavigationController.swift */,
				91C109221E4A3199009F11F7 /* ConnectionViewController.swift */,
				91C109241E4A3199009F11F7 /* RoleViewController.swift */,
				91C109251E4A3199009F11F7 /* VideoCodecViewController.swift */,
			);
			path = ConnectionController;
			sourceTree = "<group>";
		};
		91C7B07F1D54636A006F5FA2 = {
			isa = PBXGroup;
			children = (
				91C7B08B1D54636A006F5FA2 /* Sora */,
				91C7B0A31D5463A4006F5FA2 /* Misc */,
				91C7B0971D54636A006F5FA2 /* SoraTests */,
				9182018E1D58667600178E2B /* Frameworks */,
				91C7B08A1D54636A006F5FA2 /* Products */,
			);
			sourceTree = "<group>";
		};
		91C7B08A1D54636A006F5FA2 /* Products */ = {
			isa = PBXGroup;
			children = (
				91C7B0891D54636A006F5FA2 /* Sora.framework */,
				91C7B0931D54636A006F5FA2 /* SoraTests.xctest */,
			);
			name = Products;
			sourceTree = "<group>";
		};
		91C7B08B1D54636A006F5FA2 /* Sora */ = {
			isa = PBXGroup;
			children = (
				91C7B08C1D54636A006F5FA2 /* Sora.h */,
				91C7B08E1D54636A006F5FA2 /* Info.plist */,
				9138B4CF1E655728006A76FB /* BuildInfo.swift */,
				91DB5E9D1D6F43A5007744BF /* Connection.swift */,
				91DD141D1DC872F1005881C2 /* Event.swift */,
				913934391DD9D9A2002F3F6A /* EventHandlers.swift */,
				913C80641E8D00C200D83864 /* Extensions.swift */,
				91C4655D1D6376AC00AD9C28 /* JSON.swift */,
				91577A021D85CB1700A5AF9F /* MediaConnection.swift */,
				91F82F741DF04BA600F8D923 /* MediaOption.swift */,
				91E098831D799389004CF024 /* MediaStream.swift */,
				91192F731D598E4600F92D78 /* Message.swift */,
				91A2FD541E25421B0081ADF9 /* PeerConnection.swift */,
				91FD95741DCA06F700047BA9 /* RTCExtensions.swift */,
				91FA6F201D93CA9800D38DB4 /* VideoFrame.swift */,
				91B1D6451D75E11F00112A4E /* VideoRenderer.swift */,
				9100904F1E58B5450099E00E /* VideoView.swift */,
				9100904D1E58B4470099E00E /* VideoView.xib */,
				91C1091F1E4A3036009F11F7 /* ConnectionController */,
			);
			path = Sora;
			sourceTree = "<group>";
		};
		91C7B0971D54636A006F5FA2 /* SoraTests */ = {
			isa = PBXGroup;
			children = (
				91C7B0981D54636A006F5FA2 /* SoraTests.swift */,
				91C7B09A1D54636A006F5FA2 /* Info.plist */,
			);
			path = SoraTests;
			sourceTree = "<group>";
		};
		91C7B0A31D5463A4006F5FA2 /* Misc */ = {
			isa = PBXGroup;
			children = (
				91C7B0A81D5463EA006F5FA2 /* Cartfile */,
			);
			name = Misc;
			sourceTree = "<group>";
		};
/* End PBXGroup section */

/* Begin PBXHeadersBuildPhase section */
		91C7B0861D54636A006F5FA2 /* Headers */ = {
			isa = PBXHeadersBuildPhase;
			buildActionMask = 2147483647;
			files = (
				91C7B08D1D54636A006F5FA2 /* Sora.h in Headers */,
			);
			runOnlyForDeploymentPostprocessing = 0;
		};
/* End PBXHeadersBuildPhase section */

/* Begin PBXNativeTarget section */
		91C7B0881D54636A006F5FA2 /* Sora */ = {
			isa = PBXNativeTarget;
			buildConfigurationList = 91C7B09D1D54636A006F5FA2 /* Build configuration list for PBXNativeTarget "Sora" */;
			buildPhases = (
				91C7B0841D54636A006F5FA2 /* Sources */,
				91C7B0851D54636A006F5FA2 /* Frameworks */,
				91C7B0861D54636A006F5FA2 /* Headers */,
				91C7B0871D54636A006F5FA2 /* Resources */,
			);
			buildRules = (
			);
			dependencies = (
			);
			name = Sora;
			productName = Sora;
			productReference = 91C7B0891D54636A006F5FA2 /* Sora.framework */;
			productType = "com.apple.product-type.framework";
		};
		91C7B0921D54636A006F5FA2 /* SoraTests */ = {
			isa = PBXNativeTarget;
			buildConfigurationList = 91C7B0A01D54636A006F5FA2 /* Build configuration list for PBXNativeTarget "SoraTests" */;
			buildPhases = (
				91C7B08F1D54636A006F5FA2 /* Sources */,
				91C7B0901D54636A006F5FA2 /* Frameworks */,
				91C7B0911D54636A006F5FA2 /* Resources */,
				91715A831D5DF22F0004C995 /* CopyFiles */,
			);
			buildRules = (
			);
			dependencies = (
				91C7B0961D54636A006F5FA2 /* PBXTargetDependency */,
			);
			name = SoraTests;
			productName = SoraTests;
			productReference = 91C7B0931D54636A006F5FA2 /* SoraTests.xctest */;
			productType = "com.apple.product-type.bundle.unit-test";
		};
/* End PBXNativeTarget section */

/* Begin PBXProject section */
		91C7B0801D54636A006F5FA2 /* Project object */ = {
			isa = PBXProject;
			attributes = {
				LastSwiftUpdateCheck = 0730;
				LastUpgradeCheck = 0810;
				ORGANIZATIONNAME = "Shiguredo Inc.";
				TargetAttributes = {
					918201871D585E1A00178E2B = {
						CreatedOnToolsVersion = 7.3.1;
					};
					91C7B0881D54636A006F5FA2 = {
						CreatedOnToolsVersion = 7.3.1;
						DevelopmentTeam = DQ232CBKHS;
						LastSwiftMigration = 0800;
					};
					91C7B0921D54636A006F5FA2 = {
						CreatedOnToolsVersion = 7.3.1;
						DevelopmentTeam = DQ232CBKHS;
						LastSwiftMigration = 0800;
					};
				};
			};
			buildConfigurationList = 91C7B0831D54636A006F5FA2 /* Build configuration list for PBXProject "Sora" */;
			compatibilityVersion = "Xcode 3.2";
			developmentRegion = English;
			hasScannedForEncodings = 0;
			knownRegions = (
				en,
			);
			mainGroup = 91C7B07F1D54636A006F5FA2;
			productRefGroup = 91C7B08A1D54636A006F5FA2 /* Products */;
			projectDirPath = "";
			projectRoot = "";
			targets = (
				91C7B0881D54636A006F5FA2 /* Sora */,
				91C7B0921D54636A006F5FA2 /* SoraTests */,
				918201871D585E1A00178E2B /* Carthage */,
			);
		};
/* End PBXProject section */

/* Begin PBXResourcesBuildPhase section */
		91C7B0871D54636A006F5FA2 /* Resources */ = {
			isa = PBXResourcesBuildPhase;
			buildActionMask = 2147483647;
			files = (
				9100904E1E58B4470099E00E /* VideoView.xib in Resources */,
				91C109271E4A3199009F11F7 /* ConnectionController.storyboard in Resources */,
			);
			runOnlyForDeploymentPostprocessing = 0;
		};
		91C7B0911D54636A006F5FA2 /* Resources */ = {
			isa = PBXResourcesBuildPhase;
			buildActionMask = 2147483647;
			files = (
			);
			runOnlyForDeploymentPostprocessing = 0;
		};
/* End PBXResourcesBuildPhase section */

/* Begin PBXShellScriptBuildPhase section */
		9182018B1D585E2500178E2B /* ShellScript */ = {
			isa = PBXShellScriptBuildPhase;
			buildActionMask = 2147483647;
			files = (
			);
			inputPaths = (
			);
			outputPaths = (
				"$(SRCROOT)/Carthage/Build/iOS/WebRTC.framework",
			);
			runOnlyForDeploymentPostprocessing = 0;
			shellPath = /bin/sh;
			shellScript = "cd $SRCROOT\ncarthage update --platform iOS";
		};
/* End PBXShellScriptBuildPhase section */

/* Begin PBXSourcesBuildPhase section */
		91C7B0841D54636A006F5FA2 /* Sources */ = {
			isa = PBXSourcesBuildPhase;
			buildActionMask = 2147483647;
			files = (
				91577A031D85CB1700A5AF9F /* MediaConnection.swift in Sources */,
				91DD141E1DC872F1005881C2 /* Event.swift in Sources */,
				91E098841D799389004CF024 /* MediaStream.swift in Sources */,
				9139343A1DD9D9A2002F3F6A /* EventHandlers.swift in Sources */,
				9138B4D01E655728006A76FB /* BuildInfo.swift in Sources */,
				91B1D6461D75E11F00112A4E /* VideoRenderer.swift in Sources */,
				91C4655E1D6376AC00AD9C28 /* JSON.swift in Sources */,
				91C1092B1E4A3199009F11F7 /* RoleViewController.swift in Sources */,
				91C109291E4A3199009F11F7 /* ConnectionViewController.swift in Sources */,
				91FD95751DCA06F700047BA9 /* RTCExtensions.swift in Sources */,
				91192F741D598E4600F92D78 /* Message.swift in Sources */,
				91DB5E9E1D6F43A5007744BF /* Connection.swift in Sources */,
				91C1092A1E4A3199009F11F7 /* ConnectionController.swift in Sources */,
				913C80651E8D00C200D83864 /* Extensions.swift in Sources */,
				91F82F751DF04BA600F8D923 /* MediaOption.swift in Sources */,
				910090501E58B5450099E00E /* VideoView.swift in Sources */,
				91C1092D1E4A3199009F11F7 /* ConnectionNavigationController.swift in Sources */,
				91FA6F211D93CA9800D38DB4 /* VideoFrame.swift in Sources */,
				91C1092C1E4A3199009F11F7 /* VideoCodecViewController.swift in Sources */,
				91A2FD551E25421B0081ADF9 /* PeerConnection.swift in Sources */,
				91C109281E4A3199009F11F7 /* AudioCodecViewController.swift in Sources */,
			);
			runOnlyForDeploymentPostprocessing = 0;
		};
		91C7B08F1D54636A006F5FA2 /* Sources */ = {
			isa = PBXSourcesBuildPhase;
			buildActionMask = 2147483647;
			files = (
				91C7B0991D54636A006F5FA2 /* SoraTests.swift in Sources */,
			);
			runOnlyForDeploymentPostprocessing = 0;
		};
/* End PBXSourcesBuildPhase section */

/* Begin PBXTargetDependency section */
		91C7B0961D54636A006F5FA2 /* PBXTargetDependency */ = {
			isa = PBXTargetDependency;
			target = 91C7B0881D54636A006F5FA2 /* Sora */;
			targetProxy = 91C7B0951D54636A006F5FA2 /* PBXContainerItemProxy */;
		};
/* End PBXTargetDependency section */

/* Begin XCBuildConfiguration section */
		918201881D585E1B00178E2B /* Debug */ = {
			isa = XCBuildConfiguration;
			buildSettings = {
				ENABLE_BITCODE = NO;
				PRODUCT_NAME = "$(TARGET_NAME)";
			};
			name = Debug;
		};
		918201891D585E1B00178E2B /* Release */ = {
			isa = XCBuildConfiguration;
			buildSettings = {
				ENABLE_BITCODE = NO;
				PRODUCT_NAME = "$(TARGET_NAME)";
			};
			name = Release;
		};
		91C7B09B1D54636A006F5FA2 /* Debug */ = {
			isa = XCBuildConfiguration;
			buildSettings = {
				ALWAYS_SEARCH_USER_PATHS = NO;
				CLANG_ANALYZER_NONNULL = YES;
				CLANG_CXX_LANGUAGE_STANDARD = "gnu++0x";
				CLANG_CXX_LIBRARY = "libc++";
				CLANG_ENABLE_MODULES = YES;
				CLANG_ENABLE_OBJC_ARC = YES;
				CLANG_WARN_BOOL_CONVERSION = YES;
				CLANG_WARN_CONSTANT_CONVERSION = YES;
				CLANG_WARN_DIRECT_OBJC_ISA_USAGE = YES_ERROR;
				CLANG_WARN_EMPTY_BODY = YES;
				CLANG_WARN_ENUM_CONVERSION = YES;
				CLANG_WARN_INFINITE_RECURSION = YES;
				CLANG_WARN_INT_CONVERSION = YES;
				CLANG_WARN_OBJC_ROOT_CLASS = YES_ERROR;
				CLANG_WARN_SUSPICIOUS_MOVE = YES;
				CLANG_WARN_UNREACHABLE_CODE = YES;
				CLANG_WARN__DUPLICATE_METHOD_MATCH = YES;
				"CODE_SIGN_IDENTITY[sdk=iphoneos*]" = "iPhone Developer";
				COPY_PHASE_STRIP = NO;
				CURRENT_PROJECT_VERSION = 1;
				DEBUG_INFORMATION_FORMAT = dwarf;
				ENABLE_STRICT_OBJC_MSGSEND = YES;
				ENABLE_TESTABILITY = YES;
				GCC_C_LANGUAGE_STANDARD = gnu99;
				GCC_DYNAMIC_NO_PIC = NO;
				GCC_NO_COMMON_BLOCKS = YES;
				GCC_OPTIMIZATION_LEVEL = 0;
				GCC_PREPROCESSOR_DEFINITIONS = (
					"DEBUG=1",
					"$(inherited)",
				);
				GCC_WARN_64_TO_32_BIT_CONVERSION = YES;
				GCC_WARN_ABOUT_RETURN_TYPE = YES_ERROR;
				GCC_WARN_UNDECLARED_SELECTOR = YES;
				GCC_WARN_UNINITIALIZED_AUTOS = YES_AGGRESSIVE;
				GCC_WARN_UNUSED_FUNCTION = YES;
				GCC_WARN_UNUSED_VARIABLE = YES;
				IPHONEOS_DEPLOYMENT_TARGET = 10.1;
				MTL_ENABLE_DEBUG_INFO = YES;
				ONLY_ACTIVE_ARCH = YES;
				PROVISIONING_PROFILE = "49e345ee-1e24-4cef-9228-9df5fc1f7525";
				SDKROOT = iphoneos;
				SWIFT_OPTIMIZATION_LEVEL = "-Onone";
				TARGETED_DEVICE_FAMILY = "1,2";
				VALID_ARCHS = arm64;
				VERSIONING_SYSTEM = "apple-generic";
				VERSION_INFO_PREFIX = "";
			};
			name = Debug;
		};
		91C7B09C1D54636A006F5FA2 /* Release */ = {
			isa = XCBuildConfiguration;
			buildSettings = {
				ALWAYS_SEARCH_USER_PATHS = NO;
				CLANG_ANALYZER_NONNULL = YES;
				CLANG_CXX_LANGUAGE_STANDARD = "gnu++0x";
				CLANG_CXX_LIBRARY = "libc++";
				CLANG_ENABLE_MODULES = YES;
				CLANG_ENABLE_OBJC_ARC = YES;
				CLANG_WARN_BOOL_CONVERSION = YES;
				CLANG_WARN_CONSTANT_CONVERSION = YES;
				CLANG_WARN_DIRECT_OBJC_ISA_USAGE = YES_ERROR;
				CLANG_WARN_EMPTY_BODY = YES;
				CLANG_WARN_ENUM_CONVERSION = YES;
				CLANG_WARN_INFINITE_RECURSION = YES;
				CLANG_WARN_INT_CONVERSION = YES;
				CLANG_WARN_OBJC_ROOT_CLASS = YES_ERROR;
				CLANG_WARN_SUSPICIOUS_MOVE = YES;
				CLANG_WARN_UNREACHABLE_CODE = YES;
				CLANG_WARN__DUPLICATE_METHOD_MATCH = YES;
				"CODE_SIGN_IDENTITY[sdk=iphoneos*]" = "iPhone Developer";
				COPY_PHASE_STRIP = NO;
				CURRENT_PROJECT_VERSION = 1;
				DEBUG_INFORMATION_FORMAT = "dwarf-with-dsym";
				ENABLE_NS_ASSERTIONS = NO;
				ENABLE_STRICT_OBJC_MSGSEND = YES;
				GCC_C_LANGUAGE_STANDARD = gnu99;
				GCC_NO_COMMON_BLOCKS = YES;
				GCC_WARN_64_TO_32_BIT_CONVERSION = YES;
				GCC_WARN_ABOUT_RETURN_TYPE = YES_ERROR;
				GCC_WARN_UNDECLARED_SELECTOR = YES;
				GCC_WARN_UNINITIALIZED_AUTOS = YES_AGGRESSIVE;
				GCC_WARN_UNUSED_FUNCTION = YES;
				GCC_WARN_UNUSED_VARIABLE = YES;
				IPHONEOS_DEPLOYMENT_TARGET = 10.1;
				MTL_ENABLE_DEBUG_INFO = NO;
				PROVISIONING_PROFILE = "49e345ee-1e24-4cef-9228-9df5fc1f7525";
				SDKROOT = iphoneos;
				SWIFT_OPTIMIZATION_LEVEL = "-Owholemodule";
				TARGETED_DEVICE_FAMILY = "1,2";
				VALIDATE_PRODUCT = YES;
				VALID_ARCHS = arm64;
				VERSIONING_SYSTEM = "apple-generic";
				VERSION_INFO_PREFIX = "";
			};
			name = Release;
		};
		91C7B09E1D54636A006F5FA2 /* Debug */ = {
			isa = XCBuildConfiguration;
			buildSettings = {
				CLANG_ENABLE_MODULES = YES;
				"CODE_SIGN_IDENTITY[sdk=iphoneos*]" = "";
				DEFINES_MODULE = YES;
				DEVELOPMENT_TEAM = DQ232CBKHS;
				DYLIB_COMPATIBILITY_VERSION = 1;
				DYLIB_CURRENT_VERSION = 1;
				DYLIB_INSTALL_NAME_BASE = "@rpath";
				ENABLE_BITCODE = NO;
				ENABLE_TESTABILITY = YES;
				FRAMEWORK_SEARCH_PATHS = (
					"$(inherited)",
					"$(PROJECT_DIR)/Carthage/Build/iOS",
				);
				GCC_OPTIMIZATION_LEVEL = 0;
				INFOPLIST_FILE = Sora/Info.plist;
				INSTALL_PATH = "$(LOCAL_LIBRARY_DIR)/Frameworks";
				LD_RUNPATH_SEARCH_PATHS = "$(inherited) @executable_path/Frameworks @loader_path/Frameworks";
				PRODUCT_BUNDLE_IDENTIFIER = jp.shiguredo.Sora;
				PRODUCT_NAME = "$(TARGET_NAME)";
				PROVISIONING_PROFILE = "";
				SKIP_INSTALL = YES;
				SWIFT_OPTIMIZATION_LEVEL = "-Onone";
				SWIFT_VERSION = 3.0;
				VALID_ARCHS = arm64;
			};
			name = Debug;
		};
		91C7B09F1D54636A006F5FA2 /* Release */ = {
			isa = XCBuildConfiguration;
			buildSettings = {
				CLANG_ENABLE_MODULES = YES;
				"CODE_SIGN_IDENTITY[sdk=iphoneos*]" = "";
				DEFINES_MODULE = YES;
				DEVELOPMENT_TEAM = DQ232CBKHS;
				DYLIB_COMPATIBILITY_VERSION = 1;
				DYLIB_CURRENT_VERSION = 1;
				DYLIB_INSTALL_NAME_BASE = "@rpath";
				ENABLE_BITCODE = NO;
				ENABLE_TESTABILITY = YES;
				FRAMEWORK_SEARCH_PATHS = (
					"$(inherited)",
					"$(PROJECT_DIR)/Carthage/Build/iOS",
				);
				GCC_OPTIMIZATION_LEVEL = 0;
				INFOPLIST_FILE = Sora/Info.plist;
				INSTALL_PATH = "$(LOCAL_LIBRARY_DIR)/Frameworks";
				LD_RUNPATH_SEARCH_PATHS = "$(inherited) @executable_path/Frameworks @loader_path/Frameworks";
				PRODUCT_BUNDLE_IDENTIFIER = jp.shiguredo.Sora;
				PRODUCT_NAME = "$(TARGET_NAME)";
				PROVISIONING_PROFILE = "";
				SKIP_INSTALL = YES;
				SWIFT_VERSION = 3.0;
				VALID_ARCHS = arm64;
			};
			name = Release;
		};
		91C7B0A11D54636A006F5FA2 /* Debug */ = {
			isa = XCBuildConfiguration;
			buildSettings = {
				CODE_SIGN_IDENTITY = "iPhone Developer";
				DEVELOPMENT_TEAM = DQ232CBKHS;
				ENABLE_TESTABILITY = YES;
				FRAMEWORK_SEARCH_PATHS = (
					"$(inherited)",
					"$(PROJECT_DIR)/Carthage/Build/iOS",
				);
				INFOPLIST_FILE = SoraTests/Info.plist;
				LD_RUNPATH_SEARCH_PATHS = "$(inherited) @executable_path/Frameworks @loader_path/Frameworks";
				PRODUCT_BUNDLE_IDENTIFIER = jp.shiguredo.SoraTests;
				PRODUCT_NAME = "$(TARGET_NAME)";
				PROVISIONING_PROFILE = "";
				PROVISIONING_PROFILE_SPECIFIER = "";
				SWIFT_VERSION = 3.0;
			};
			name = Debug;
		};
		91C7B0A21D54636A006F5FA2 /* Release */ = {
			isa = XCBuildConfiguration;
			buildSettings = {
				CODE_SIGN_IDENTITY = "iPhone Developer";
				DEVELOPMENT_TEAM = DQ232CBKHS;
				ENABLE_TESTABILITY = YES;
				FRAMEWORK_SEARCH_PATHS = (
					"$(inherited)",
					"$(PROJECT_DIR)/Carthage/Build/iOS",
				);
				INFOPLIST_FILE = SoraTests/Info.plist;
				LD_RUNPATH_SEARCH_PATHS = "$(inherited) @executable_path/Frameworks @loader_path/Frameworks";
				PRODUCT_BUNDLE_IDENTIFIER = jp.shiguredo.SoraTests;
				PRODUCT_NAME = "$(TARGET_NAME)";
				PROVISIONING_PROFILE = "";
				PROVISIONING_PROFILE_SPECIFIER = "";
				SWIFT_VERSION = 3.0;
			};
			name = Release;
		};
/* End XCBuildConfiguration section */

/* Begin XCConfigurationList section */
		9182018A1D585E1B00178E2B /* Build configuration list for PBXAggregateTarget "Carthage" */ = {
			isa = XCConfigurationList;
			buildConfigurations = (
				918201881D585E1B00178E2B /* Debug */,
				918201891D585E1B00178E2B /* Release */,
			);
			defaultConfigurationIsVisible = 0;
			defaultConfigurationName = Release;
		};
		91C7B0831D54636A006F5FA2 /* Build configuration list for PBXProject "Sora" */ = {
			isa = XCConfigurationList;
			buildConfigurations = (
				91C7B09B1D54636A006F5FA2 /* Debug */,
				91C7B09C1D54636A006F5FA2 /* Release */,
			);
			defaultConfigurationIsVisible = 0;
			defaultConfigurationName = Release;
		};
		91C7B09D1D54636A006F5FA2 /* Build configuration list for PBXNativeTarget "Sora" */ = {
			isa = XCConfigurationList;
			buildConfigurations = (
				91C7B09E1D54636A006F5FA2 /* Debug */,
				91C7B09F1D54636A006F5FA2 /* Release */,
			);
			defaultConfigurationIsVisible = 0;
			defaultConfigurationName = Release;
		};
		91C7B0A01D54636A006F5FA2 /* Build configuration list for PBXNativeTarget "SoraTests" */ = {
			isa = XCConfigurationList;
			buildConfigurations = (
				91C7B0A11D54636A006F5FA2 /* Debug */,
				91C7B0A21D54636A006F5FA2 /* Release */,
			);
			defaultConfigurationIsVisible = 0;
			defaultConfigurationName = Release;
		};
/* End XCConfigurationList section */
	};
	rootObject = 91C7B0801D54636A006F5FA2 /* Project object */;
}
