// !$*UTF8*$!
{
	archiveVersion = 1;
	classes = {
	};
	objectVersion = 46;
	objects = {

/* Begin PBXBuildFile section */
		9100904E1E58B4470099E00E /* VideoView.xib in Resources */ = {isa = PBXBuildFile; fileRef = 9100904D1E58B4470099E00E /* VideoView.xib */; };
		910090501E58B5450099E00E /* VideoView.swift in Sources */ = {isa = PBXBuildFile; fileRef = 9100904F1E58B5450099E00E /* VideoView.swift */; };
		9106C27E1F31A3470019E3C7 /* Logger.swift in Sources */ = {isa = PBXBuildFile; fileRef = 9106C27D1F31A3470019E3C7 /* Logger.swift */; };
		910EABE61F4FF88B00D81213 /* NativePeerChannelFactory.swift in Sources */ = {isa = PBXBuildFile; fileRef = 910EABE51F4FF88B00D81213 /* NativePeerChannelFactory.swift */; };
		910F2DB124D7F6EE007336A6 /* Statistics.swift in Sources */ = {isa = PBXBuildFile; fileRef = 910F2DB024D7F6EE007336A6 /* Statistics.swift */; };
		9128A4A91F2A6CB100AC6B1E /* MediaStream.swift in Sources */ = {isa = PBXBuildFile; fileRef = 9128A4A81F2A6CB100AC6B1E /* MediaStream.swift */; };
		9138B4D01E655728006A76FB /* WebRTCInfo.swift in Sources */ = {isa = PBXBuildFile; fileRef = 9138B4CF1E655728006A76FB /* WebRTCInfo.swift */; };
		913C895A226EFC61001B2569 /* Signaling.swift in Sources */ = {isa = PBXBuildFile; fileRef = 913C8959226EFC61001B2569 /* Signaling.swift */; };
		9141AB641F4204C0007C4D1C /* ConnectionTimer.swift in Sources */ = {isa = PBXBuildFile; fileRef = 9141AB631F4204C0007C4D1C /* ConnectionTimer.swift */; };
		9145A5901F0CB093002D6EC6 /* Utilities.swift in Sources */ = {isa = PBXBuildFile; fileRef = 9145A58F1F0CB093002D6EC6 /* Utilities.swift */; };
		915344121FE96F750083762B /* SoraError.swift in Sources */ = {isa = PBXBuildFile; fileRef = 915344111FE96F750083762B /* SoraError.swift */; };
		91554F431F179CFD00403C39 /* WebSocketChannel.swift in Sources */ = {isa = PBXBuildFile; fileRef = 91554F421F179CFD00403C39 /* WebSocketChannel.swift */; };
		915CEC901F821A90006E45E2 /* CameraVideoCapturer.swift in Sources */ = {isa = PBXBuildFile; fileRef = 915CEC8F1F821A90006E45E2 /* CameraVideoCapturer.swift */; };
		916134DD1F7B5EFF00ABDDAF /* AspectRatio.swift in Sources */ = {isa = PBXBuildFile; fileRef = 9174A88E1F7395CA00D586C4 /* AspectRatio.swift */; };
		9161AECA2410D75A00BA3E0E /* URLSessionWebSocketChannel.swift in Sources */ = {isa = PBXBuildFile; fileRef = 9161AEC92410D75A00BA3E0E /* URLSessionWebSocketChannel.swift */; };
		91629BF21F8E5099001193D0 /* Array+Base.swift in Sources */ = {isa = PBXBuildFile; fileRef = 91629BF11F8E5098001193D0 /* Array+Base.swift */; };
		91672C791F78F7FC002300E7 /* WebRTCConfigration.swift in Sources */ = {isa = PBXBuildFile; fileRef = 91672C781F78F7FC002300E7 /* WebRTCConfigration.swift */; };
		916B0B992553D9620035B5F9 /* AudioMode.swift in Sources */ = {isa = PBXBuildFile; fileRef = 910444CE253EC6F400EA06BE /* AudioMode.swift */; };
		916BBF721F19EF5800846166 /* ICECandidate.swift in Sources */ = {isa = PBXBuildFile; fileRef = 916BBF711F19EF5800846166 /* ICECandidate.swift */; };
		9173595E1F2CCEBF00806F8B /* Configuration.swift in Sources */ = {isa = PBXBuildFile; fileRef = 9173595D1F2CCEBF00806F8B /* Configuration.swift */; };
		9174A8911F73F89400D586C4 /* Role.swift in Sources */ = {isa = PBXBuildFile; fileRef = 9174A8901F73F89400D586C4 /* Role.swift */; };
		9174A8931F73F8CF00D586C4 /* VideoCodec.swift in Sources */ = {isa = PBXBuildFile; fileRef = 9174A8921F73F8CF00D586C4 /* VideoCodec.swift */; };
		9174A8951F73F90B00D586C4 /* AudioCodec.swift in Sources */ = {isa = PBXBuildFile; fileRef = 9174A8941F73F90B00D586C4 /* AudioCodec.swift */; };
		9174A8971F73F93B00D586C4 /* ICETransportPolicy.swift in Sources */ = {isa = PBXBuildFile; fileRef = 9174A8961F73F93B00D586C4 /* ICETransportPolicy.swift */; };
		9174A8991F73F9A200D586C4 /* TLSSecurityPolicy.swift in Sources */ = {isa = PBXBuildFile; fileRef = 9174A8981F73F9A200D586C4 /* TLSSecurityPolicy.swift */; };
		9174A89B1F73F9EE00D586C4 /* CameraPosition.swift in Sources */ = {isa = PBXBuildFile; fileRef = 9174A89A1F73F9EE00D586C4 /* CameraPosition.swift */; };
		91756E211F90A87500B70C53 /* ConnectionState.swift in Sources */ = {isa = PBXBuildFile; fileRef = 91756E201F90A87500B70C53 /* ConnectionState.swift */; };
		91756E221F90ADE900B70C53 /* PeerChannel.swift in Sources */ = {isa = PBXBuildFile; fileRef = 91A19B8B1F19366B00A76852 /* PeerChannel.swift */; };
		9177FF9C1F2E2D1600B4FA1A /* VideoCapturer.swift in Sources */ = {isa = PBXBuildFile; fileRef = 9177FF9B1F2E2D1600B4FA1A /* VideoCapturer.swift */; };
		918A38F81F30F49500D047BA /* ICEServerInfo.swift in Sources */ = {isa = PBXBuildFile; fileRef = 918A38F71F30F49500D047BA /* ICEServerInfo.swift */; };
		91A19B8A1F19366000A76852 /* SignalingChannel.swift in Sources */ = {isa = PBXBuildFile; fileRef = 91A19B891F19366000A76852 /* SignalingChannel.swift */; };
		91A19B8E1F19367700A76852 /* MediaChannel.swift in Sources */ = {isa = PBXBuildFile; fileRef = 91A19B8D1F19367700A76852 /* MediaChannel.swift */; };
		91B1D6461D75E11F00112A4E /* VideoRenderer.swift in Sources */ = {isa = PBXBuildFile; fileRef = 91B1D6451D75E11F00112A4E /* VideoRenderer.swift */; };
		91BD94832045323E006ED524 /* info.json in Resources */ = {isa = PBXBuildFile; fileRef = 91BD94822045323E006ED524 /* info.json */; };
		91BD9489204536D9006ED524 /* SDKInfo.swift in Sources */ = {isa = PBXBuildFile; fileRef = 91BD9488204536D9006ED524 /* SDKInfo.swift */; };
		91C7B08D1D54636A006F5FA2 /* Sora.h in Headers */ = {isa = PBXBuildFile; fileRef = 91C7B08C1D54636A006F5FA2 /* Sora.h */; settings = {ATTRIBUTES = (Public, ); }; };
		91C7B0941D54636A006F5FA2 /* Sora.framework in Frameworks */ = {isa = PBXBuildFile; fileRef = 91C7B0891D54636A006F5FA2 /* Sora.framework */; };
		91C7B0991D54636A006F5FA2 /* SoraTests.swift in Sources */ = {isa = PBXBuildFile; fileRef = 91C7B0981D54636A006F5FA2 /* SoraTests.swift */; };
		91CD2A4A1F288A6A00D039D1 /* Sora.swift in Sources */ = {isa = PBXBuildFile; fileRef = 91CD2A491F288A6A00D039D1 /* Sora.swift */; };
		91CDC1ED23166A5300C3A31E /* DeviceInfo.swift in Sources */ = {isa = PBXBuildFile; fileRef = 91CDC1EC23166A5200C3A31E /* DeviceInfo.swift */; };
		91FA6F211D93CA9800D38DB4 /* VideoFrame.swift in Sources */ = {isa = PBXBuildFile; fileRef = 91FA6F201D93CA9800D38DB4 /* VideoFrame.swift */; };
		91FD95751DCA06F700047BA9 /* RTC+Description.swift in Sources */ = {isa = PBXBuildFile; fileRef = 91FD95741DCA06F700047BA9 /* RTC+Description.swift */; };
		C5D3C7421F7CEB18004660F5 /* VideoCapturerDevice.swift in Sources */ = {isa = PBXBuildFile; fileRef = C5D3C7411F7CEB18004660F5 /* VideoCapturerDevice.swift */; };
/* End PBXBuildFile section */

/* Begin PBXContainerItemProxy section */
		91C7B0951D54636A006F5FA2 /* PBXContainerItemProxy */ = {
			isa = PBXContainerItemProxy;
			containerPortal = 91C7B0801D54636A006F5FA2 /* Project object */;
			proxyType = 1;
			remoteGlobalIDString = 91C7B0881D54636A006F5FA2;
			remoteInfo = Sora;
		};
/* End PBXContainerItemProxy section */

/* Begin PBXCopyFilesBuildPhase section */
		91715A831D5DF22F0004C995 /* CopyFiles */ = {
			isa = PBXCopyFilesBuildPhase;
			buildActionMask = 2147483647;
			dstPath = "";
			dstSubfolderSpec = 10;
			files = (
			);
			runOnlyForDeploymentPostprocessing = 0;
		};
/* End PBXCopyFilesBuildPhase section */

/* Begin PBXFileReference section */
		9100904D1E58B4470099E00E /* VideoView.xib */ = {isa = PBXFileReference; fileEncoding = 4; lastKnownFileType = file.xib; path = VideoView.xib; sourceTree = "<group>"; };
		9100904F1E58B5450099E00E /* VideoView.swift */ = {isa = PBXFileReference; fileEncoding = 4; lastKnownFileType = sourcecode.swift; path = VideoView.swift; sourceTree = "<group>"; };
		910444CE253EC6F400EA06BE /* AudioMode.swift */ = {isa = PBXFileReference; lastKnownFileType = sourcecode.swift; path = AudioMode.swift; sourceTree = "<group>"; };
		9106C27D1F31A3470019E3C7 /* Logger.swift */ = {isa = PBXFileReference; fileEncoding = 4; lastKnownFileType = sourcecode.swift; path = Logger.swift; sourceTree = "<group>"; };
		910EABE51F4FF88B00D81213 /* NativePeerChannelFactory.swift */ = {isa = PBXFileReference; lastKnownFileType = sourcecode.swift; path = NativePeerChannelFactory.swift; sourceTree = "<group>"; };
		910F2DB024D7F6EE007336A6 /* Statistics.swift */ = {isa = PBXFileReference; lastKnownFileType = sourcecode.swift; path = Statistics.swift; sourceTree = "<group>"; };
		9128A4A81F2A6CB100AC6B1E /* MediaStream.swift */ = {isa = PBXFileReference; fileEncoding = 4; lastKnownFileType = sourcecode.swift; path = MediaStream.swift; sourceTree = "<group>"; };
		9138B4CF1E655728006A76FB /* WebRTCInfo.swift */ = {isa = PBXFileReference; fileEncoding = 4; lastKnownFileType = sourcecode.swift; path = WebRTCInfo.swift; sourceTree = "<group>"; };
		913C8959226EFC61001B2569 /* Signaling.swift */ = {isa = PBXFileReference; lastKnownFileType = sourcecode.swift; path = Signaling.swift; sourceTree = "<group>"; };
		9141AB631F4204C0007C4D1C /* ConnectionTimer.swift */ = {isa = PBXFileReference; lastKnownFileType = sourcecode.swift; path = ConnectionTimer.swift; sourceTree = "<group>"; };
		9145A58F1F0CB093002D6EC6 /* Utilities.swift */ = {isa = PBXFileReference; fileEncoding = 4; lastKnownFileType = sourcecode.swift; path = Utilities.swift; sourceTree = "<group>"; };
		915344111FE96F750083762B /* SoraError.swift */ = {isa = PBXFileReference; lastKnownFileType = sourcecode.swift; path = SoraError.swift; sourceTree = "<group>"; };
		91554F421F179CFD00403C39 /* WebSocketChannel.swift */ = {isa = PBXFileReference; fileEncoding = 4; lastKnownFileType = sourcecode.swift; path = WebSocketChannel.swift; sourceTree = "<group>"; };
		915CEC8F1F821A90006E45E2 /* CameraVideoCapturer.swift */ = {isa = PBXFileReference; lastKnownFileType = sourcecode.swift; path = CameraVideoCapturer.swift; sourceTree = "<group>"; };
		9161AEC92410D75A00BA3E0E /* URLSessionWebSocketChannel.swift */ = {isa = PBXFileReference; fileEncoding = 4; lastKnownFileType = sourcecode.swift; path = URLSessionWebSocketChannel.swift; sourceTree = "<group>"; };
		91629BF11F8E5098001193D0 /* Array+Base.swift */ = {isa = PBXFileReference; fileEncoding = 4; lastKnownFileType = sourcecode.swift; path = "Array+Base.swift"; sourceTree = "<group>"; };
		91672C781F78F7FC002300E7 /* WebRTCConfigration.swift */ = {isa = PBXFileReference; lastKnownFileType = sourcecode.swift; path = WebRTCConfigration.swift; sourceTree = "<group>"; };
		916BBF711F19EF5800846166 /* ICECandidate.swift */ = {isa = PBXFileReference; fileEncoding = 4; lastKnownFileType = sourcecode.swift; path = ICECandidate.swift; sourceTree = "<group>"; };
		9173595D1F2CCEBF00806F8B /* Configuration.swift */ = {isa = PBXFileReference; fileEncoding = 4; lastKnownFileType = sourcecode.swift; path = Configuration.swift; sourceTree = "<group>"; };
		9174A88E1F7395CA00D586C4 /* AspectRatio.swift */ = {isa = PBXFileReference; lastKnownFileType = sourcecode.swift; path = AspectRatio.swift; sourceTree = "<group>"; };
		9174A8901F73F89400D586C4 /* Role.swift */ = {isa = PBXFileReference; lastKnownFileType = sourcecode.swift; path = Role.swift; sourceTree = "<group>"; };
		9174A8921F73F8CF00D586C4 /* VideoCodec.swift */ = {isa = PBXFileReference; lastKnownFileType = sourcecode.swift; path = VideoCodec.swift; sourceTree = "<group>"; };
		9174A8941F73F90B00D586C4 /* AudioCodec.swift */ = {isa = PBXFileReference; lastKnownFileType = sourcecode.swift; path = AudioCodec.swift; sourceTree = "<group>"; };
		9174A8961F73F93B00D586C4 /* ICETransportPolicy.swift */ = {isa = PBXFileReference; lastKnownFileType = sourcecode.swift; path = ICETransportPolicy.swift; sourceTree = "<group>"; };
		9174A8981F73F9A200D586C4 /* TLSSecurityPolicy.swift */ = {isa = PBXFileReference; lastKnownFileType = sourcecode.swift; path = TLSSecurityPolicy.swift; sourceTree = "<group>"; };
		9174A89A1F73F9EE00D586C4 /* CameraPosition.swift */ = {isa = PBXFileReference; lastKnownFileType = sourcecode.swift; path = CameraPosition.swift; sourceTree = "<group>"; };
		91756E201F90A87500B70C53 /* ConnectionState.swift */ = {isa = PBXFileReference; lastKnownFileType = sourcecode.swift; path = ConnectionState.swift; sourceTree = "<group>"; };
		9177FF9B1F2E2D1600B4FA1A /* VideoCapturer.swift */ = {isa = PBXFileReference; fileEncoding = 4; lastKnownFileType = sourcecode.swift; path = VideoCapturer.swift; sourceTree = "<group>"; };
		918A38F71F30F49500D047BA /* ICEServerInfo.swift */ = {isa = PBXFileReference; fileEncoding = 4; lastKnownFileType = sourcecode.swift; path = ICEServerInfo.swift; sourceTree = "<group>"; };
		91A19B891F19366000A76852 /* SignalingChannel.swift */ = {isa = PBXFileReference; fileEncoding = 4; lastKnownFileType = sourcecode.swift; path = SignalingChannel.swift; sourceTree = "<group>"; };
		91A19B8B1F19366B00A76852 /* PeerChannel.swift */ = {isa = PBXFileReference; fileEncoding = 4; lastKnownFileType = sourcecode.swift; path = PeerChannel.swift; sourceTree = "<group>"; };
		91A19B8D1F19367700A76852 /* MediaChannel.swift */ = {isa = PBXFileReference; fileEncoding = 4; lastKnownFileType = sourcecode.swift; path = MediaChannel.swift; sourceTree = "<group>"; };
		91B1D6451D75E11F00112A4E /* VideoRenderer.swift */ = {isa = PBXFileReference; fileEncoding = 4; lastKnownFileType = sourcecode.swift; path = VideoRenderer.swift; sourceTree = "<group>"; };
		91BD94822045323E006ED524 /* info.json */ = {isa = PBXFileReference; fileEncoding = 4; lastKnownFileType = text.json; name = info.json; path = Sora/info.json; sourceTree = "<group>"; };
		91BD94862045331C006ED524 /* info.sh */ = {isa = PBXFileReference; fileEncoding = 4; lastKnownFileType = text.script.sh; name = info.sh; path = Sora/info.sh; sourceTree = "<group>"; };
		91BD9488204536D9006ED524 /* SDKInfo.swift */ = {isa = PBXFileReference; lastKnownFileType = sourcecode.swift; path = SDKInfo.swift; sourceTree = "<group>"; };
		91C7B0891D54636A006F5FA2 /* Sora.framework */ = {isa = PBXFileReference; explicitFileType = wrapper.framework; includeInIndex = 0; path = Sora.framework; sourceTree = BUILT_PRODUCTS_DIR; };
		91C7B08C1D54636A006F5FA2 /* Sora.h */ = {isa = PBXFileReference; lastKnownFileType = sourcecode.c.h; path = Sora.h; sourceTree = "<group>"; };
		91C7B08E1D54636A006F5FA2 /* Info.plist */ = {isa = PBXFileReference; lastKnownFileType = text.plist.xml; path = Info.plist; sourceTree = "<group>"; };
		91C7B0931D54636A006F5FA2 /* SoraTests.xctest */ = {isa = PBXFileReference; explicitFileType = wrapper.cfbundle; includeInIndex = 0; path = SoraTests.xctest; sourceTree = BUILT_PRODUCTS_DIR; };
		91C7B0981D54636A006F5FA2 /* SoraTests.swift */ = {isa = PBXFileReference; lastKnownFileType = sourcecode.swift; path = SoraTests.swift; sourceTree = "<group>"; };
		91C7B09A1D54636A006F5FA2 /* Info.plist */ = {isa = PBXFileReference; lastKnownFileType = text.plist.xml; path = Info.plist; sourceTree = "<group>"; };
		91C7B0A81D5463EA006F5FA2 /* Cartfile */ = {isa = PBXFileReference; fileEncoding = 4; lastKnownFileType = text; path = Cartfile; sourceTree = "<group>"; };
		91CD2A491F288A6A00D039D1 /* Sora.swift */ = {isa = PBXFileReference; fileEncoding = 4; lastKnownFileType = sourcecode.swift; path = Sora.swift; sourceTree = "<group>"; };
		91CDC1EC23166A5200C3A31E /* DeviceInfo.swift */ = {isa = PBXFileReference; fileEncoding = 4; lastKnownFileType = sourcecode.swift; path = DeviceInfo.swift; sourceTree = "<group>"; };
		91FA6F201D93CA9800D38DB4 /* VideoFrame.swift */ = {isa = PBXFileReference; fileEncoding = 4; lastKnownFileType = sourcecode.swift; path = VideoFrame.swift; sourceTree = "<group>"; };
		91FD95741DCA06F700047BA9 /* RTC+Description.swift */ = {isa = PBXFileReference; fileEncoding = 4; lastKnownFileType = sourcecode.swift; path = "RTC+Description.swift"; sourceTree = "<group>"; };
		C5D3C7411F7CEB18004660F5 /* VideoCapturerDevice.swift */ = {isa = PBXFileReference; lastKnownFileType = sourcecode.swift; path = VideoCapturerDevice.swift; sourceTree = "<group>"; };
/* End PBXFileReference section */

/* Begin PBXFrameworksBuildPhase section */
		91C7B0851D54636A006F5FA2 /* Frameworks */ = {
			isa = PBXFrameworksBuildPhase;
			buildActionMask = 2147483647;
			files = (
			);
			runOnlyForDeploymentPostprocessing = 0;
		};
		91C7B0901D54636A006F5FA2 /* Frameworks */ = {
			isa = PBXFrameworksBuildPhase;
			buildActionMask = 2147483647;
			files = (
				91C7B0941D54636A006F5FA2 /* Sora.framework in Frameworks */,
			);
			runOnlyForDeploymentPostprocessing = 0;
		};
/* End PBXFrameworksBuildPhase section */

/* Begin PBXGroup section */
		9182018E1D58667600178E2B /* Frameworks */ = {
			isa = PBXGroup;
			children = (
			);
			name = Frameworks;
			sourceTree = "<group>";
		};
		91BDC1D31F6285D10084DC3A /* Extensions */ = {
			isa = PBXGroup;
			children = (
				91629BF11F8E5098001193D0 /* Array+Base.swift */,
				91FD95741DCA06F700047BA9 /* RTC+Description.swift */,
			);
			path = Extensions;
			sourceTree = "<group>";
		};
		91C7B07F1D54636A006F5FA2 = {
			isa = PBXGroup;
			children = (
				91C7B08B1D54636A006F5FA2 /* Sora */,
				91C7B0A31D5463A4006F5FA2 /* Misc */,
				91C7B0971D54636A006F5FA2 /* SoraTests */,
				9182018E1D58667600178E2B /* Frameworks */,
				91C7B08A1D54636A006F5FA2 /* Products */,
			);
			sourceTree = "<group>";
		};
		91C7B08A1D54636A006F5FA2 /* Products */ = {
			isa = PBXGroup;
			children = (
				91C7B0891D54636A006F5FA2 /* Sora.framework */,
				91C7B0931D54636A006F5FA2 /* SoraTests.xctest */,
			);
			name = Products;
			sourceTree = "<group>";
		};
		91C7B08B1D54636A006F5FA2 /* Sora */ = {
			isa = PBXGroup;
			children = (
				91C7B08C1D54636A006F5FA2 /* Sora.h */,
				91C7B08E1D54636A006F5FA2 /* Info.plist */,
				9174A88E1F7395CA00D586C4 /* AspectRatio.swift */,
				9174A8941F73F90B00D586C4 /* AudioCodec.swift */,
				910444CE253EC6F400EA06BE /* AudioMode.swift */,
				9174A89A1F73F9EE00D586C4 /* CameraPosition.swift */,
				915CEC8F1F821A90006E45E2 /* CameraVideoCapturer.swift */,
				9173595D1F2CCEBF00806F8B /* Configuration.swift */,
				91756E201F90A87500B70C53 /* ConnectionState.swift */,
				9141AB631F4204C0007C4D1C /* ConnectionTimer.swift */,
				91CDC1EC23166A5200C3A31E /* DeviceInfo.swift */,
				916BBF711F19EF5800846166 /* ICECandidate.swift */,
				918A38F71F30F49500D047BA /* ICEServerInfo.swift */,
				9174A8961F73F93B00D586C4 /* ICETransportPolicy.swift */,
				9106C27D1F31A3470019E3C7 /* Logger.swift */,
				91A19B8D1F19367700A76852 /* MediaChannel.swift */,
				9128A4A81F2A6CB100AC6B1E /* MediaStream.swift */,
				910EABE51F4FF88B00D81213 /* NativePeerChannelFactory.swift */,
				91A19B8B1F19366B00A76852 /* PeerChannel.swift */,
				9174A8901F73F89400D586C4 /* Role.swift */,
				91BD9488204536D9006ED524 /* SDKInfo.swift */,
				913C8959226EFC61001B2569 /* Signaling.swift */,
				91A19B891F19366000A76852 /* SignalingChannel.swift */,
				91CD2A491F288A6A00D039D1 /* Sora.swift */,
				915344111FE96F750083762B /* SoraError.swift */,
				910F2DB024D7F6EE007336A6 /* Statistics.swift */,
				9174A8981F73F9A200D586C4 /* TLSSecurityPolicy.swift */,
				9161AEC92410D75A00BA3E0E /* URLSessionWebSocketChannel.swift */,
				9145A58F1F0CB093002D6EC6 /* Utilities.swift */,
				9177FF9B1F2E2D1600B4FA1A /* VideoCapturer.swift */,
				C5D3C7411F7CEB18004660F5 /* VideoCapturerDevice.swift */,
				9174A8921F73F8CF00D586C4 /* VideoCodec.swift */,
				91FA6F201D93CA9800D38DB4 /* VideoFrame.swift */,
				91B1D6451D75E11F00112A4E /* VideoRenderer.swift */,
				9100904F1E58B5450099E00E /* VideoView.swift */,
				91672C781F78F7FC002300E7 /* WebRTCConfigration.swift */,
				9138B4CF1E655728006A76FB /* WebRTCInfo.swift */,
				91554F421F179CFD00403C39 /* WebSocketChannel.swift */,
				9100904D1E58B4470099E00E /* VideoView.xib */,
				91BDC1D31F6285D10084DC3A /* Extensions */,
			);
			path = Sora;
			sourceTree = "<group>";
		};
		91C7B0971D54636A006F5FA2 /* SoraTests */ = {
			isa = PBXGroup;
			children = (
				91C7B0981D54636A006F5FA2 /* SoraTests.swift */,
				91C7B09A1D54636A006F5FA2 /* Info.plist */,
			);
			path = SoraTests;
			sourceTree = "<group>";
		};
		91C7B0A31D5463A4006F5FA2 /* Misc */ = {
			isa = PBXGroup;
			children = (
				91C7B0A81D5463EA006F5FA2 /* Cartfile */,
				91BD94822045323E006ED524 /* info.json */,
				91BD94862045331C006ED524 /* info.sh */,
			);
			name = Misc;
			sourceTree = "<group>";
		};
/* End PBXGroup section */

/* Begin PBXHeadersBuildPhase section */
		91C7B0861D54636A006F5FA2 /* Headers */ = {
			isa = PBXHeadersBuildPhase;
			buildActionMask = 2147483647;
			files = (
				91C7B08D1D54636A006F5FA2 /* Sora.h in Headers */,
			);
			runOnlyForDeploymentPostprocessing = 0;
		};
/* End PBXHeadersBuildPhase section */

/* Begin PBXNativeTarget section */
		91C7B0881D54636A006F5FA2 /* Sora */ = {
			isa = PBXNativeTarget;
			buildConfigurationList = 91C7B09D1D54636A006F5FA2 /* Build configuration list for PBXNativeTarget "Sora" */;
			buildPhases = (
				91BD9485204532E9006ED524 /* ShellScript */,
				91C7B0841D54636A006F5FA2 /* Sources */,
				91C7B0851D54636A006F5FA2 /* Frameworks */,
				91C7B0861D54636A006F5FA2 /* Headers */,
				91C7B0871D54636A006F5FA2 /* Resources */,
			);
			buildRules = (
			);
			dependencies = (
			);
			name = Sora;
			productName = Sora;
			productReference = 91C7B0891D54636A006F5FA2 /* Sora.framework */;
			productType = "com.apple.product-type.framework";
		};
		91C7B0921D54636A006F5FA2 /* SoraTests */ = {
			isa = PBXNativeTarget;
			buildConfigurationList = 91C7B0A01D54636A006F5FA2 /* Build configuration list for PBXNativeTarget "SoraTests" */;
			buildPhases = (
				91C7B08F1D54636A006F5FA2 /* Sources */,
				91C7B0901D54636A006F5FA2 /* Frameworks */,
				91C7B0911D54636A006F5FA2 /* Resources */,
				91715A831D5DF22F0004C995 /* CopyFiles */,
			);
			buildRules = (
			);
			dependencies = (
				91C7B0961D54636A006F5FA2 /* PBXTargetDependency */,
			);
			name = SoraTests;
			productName = SoraTests;
			productReference = 91C7B0931D54636A006F5FA2 /* SoraTests.xctest */;
			productType = "com.apple.product-type.bundle.unit-test";
		};
/* End PBXNativeTarget section */

/* Begin PBXProject section */
		91C7B0801D54636A006F5FA2 /* Project object */ = {
			isa = PBXProject;
			attributes = {
				LastSwiftUpdateCheck = 0900;
				LastUpgradeCheck = 1020;
				ORGANIZATIONNAME = "Shiguredo Inc.";
				TargetAttributes = {
					91C7B0881D54636A006F5FA2 = {
						CreatedOnToolsVersion = 7.3.1;
						DevelopmentTeam = DQ232CBKHS;
						LastSwiftMigration = 0900;
						ProvisioningStyle = Automatic;
					};
					91C7B0921D54636A006F5FA2 = {
						CreatedOnToolsVersion = 7.3.1;
						DevelopmentTeam = DQ232CBKHS;
						LastSwiftMigration = 0900;
					};
				};
			};
			buildConfigurationList = 91C7B0831D54636A006F5FA2 /* Build configuration list for PBXProject "Sora" */;
			compatibilityVersion = "Xcode 3.2";
			developmentRegion = en;
			hasScannedForEncodings = 0;
			knownRegions = (
				en,
				Base,
			);
			mainGroup = 91C7B07F1D54636A006F5FA2;
			productRefGroup = 91C7B08A1D54636A006F5FA2 /* Products */;
			projectDirPath = "";
			projectRoot = "";
			targets = (
				91C7B0881D54636A006F5FA2 /* Sora */,
				91C7B0921D54636A006F5FA2 /* SoraTests */,
			);
		};
/* End PBXProject section */

/* Begin PBXResourcesBuildPhase section */
		91C7B0871D54636A006F5FA2 /* Resources */ = {
			isa = PBXResourcesBuildPhase;
			buildActionMask = 2147483647;
			files = (
				9100904E1E58B4470099E00E /* VideoView.xib in Resources */,
				91BD94832045323E006ED524 /* info.json in Resources */,
			);
			runOnlyForDeploymentPostprocessing = 0;
		};
		91C7B0911D54636A006F5FA2 /* Resources */ = {
			isa = PBXResourcesBuildPhase;
			buildActionMask = 2147483647;
			files = (
			);
			runOnlyForDeploymentPostprocessing = 0;
		};
/* End PBXResourcesBuildPhase section */

/* Begin PBXShellScriptBuildPhase section */
		91BD9485204532E9006ED524 /* ShellScript */ = {
			isa = PBXShellScriptBuildPhase;
			buildActionMask = 2147483647;
			files = (
			);
			inputPaths = (
			);
			outputPaths = (
			);
			runOnlyForDeploymentPostprocessing = 0;
			shellPath = /bin/sh;
			shellScript = "sh $SRCROOT/Sora/info.sh > $SRCROOT/Sora/info.json\n";
		};
/* End PBXShellScriptBuildPhase section */

/* Begin PBXSourcesBuildPhase section */
		91C7B0841D54636A006F5FA2 /* Sources */ = {
			isa = PBXSourcesBuildPhase;
			buildActionMask = 2147483647;
			files = (
				91554F431F179CFD00403C39 /* WebSocketChannel.swift in Sources */,
				91756E221F90ADE900B70C53 /* PeerChannel.swift in Sources */,
				910F2DB124D7F6EE007336A6 /* Statistics.swift in Sources */,
				91A19B8E1F19367700A76852 /* MediaChannel.swift in Sources */,
				915CEC901F821A90006E45E2 /* CameraVideoCapturer.swift in Sources */,
				91672C791F78F7FC002300E7 /* WebRTCConfigration.swift in Sources */,
				9174A89B1F73F9EE00D586C4 /* CameraPosition.swift in Sources */,
				916134DD1F7B5EFF00ABDDAF /* AspectRatio.swift in Sources */,
				9174A8951F73F90B00D586C4 /* AudioCodec.swift in Sources */,
				91A19B8A1F19366000A76852 /* SignalingChannel.swift in Sources */,
				918A38F81F30F49500D047BA /* ICEServerInfo.swift in Sources */,
				916BBF721F19EF5800846166 /* ICECandidate.swift in Sources */,
				91756E211F90A87500B70C53 /* ConnectionState.swift in Sources */,
				9138B4D01E655728006A76FB /* WebRTCInfo.swift in Sources */,
				9174A8971F73F93B00D586C4 /* ICETransportPolicy.swift in Sources */,
				91CDC1ED23166A5300C3A31E /* DeviceInfo.swift in Sources */,
				91B1D6461D75E11F00112A4E /* VideoRenderer.swift in Sources */,
				9161AECA2410D75A00BA3E0E /* URLSessionWebSocketChannel.swift in Sources */,
				9177FF9C1F2E2D1600B4FA1A /* VideoCapturer.swift in Sources */,
				913C895A226EFC61001B2569 /* Signaling.swift in Sources */,
				91BD9489204536D9006ED524 /* SDKInfo.swift in Sources */,
				91FD95751DCA06F700047BA9 /* RTC+Description.swift in Sources */,
				91CD2A4A1F288A6A00D039D1 /* Sora.swift in Sources */,
				9106C27E1F31A3470019E3C7 /* Logger.swift in Sources */,
				9174A8931F73F8CF00D586C4 /* VideoCodec.swift in Sources */,
				910EABE61F4FF88B00D81213 /* NativePeerChannelFactory.swift in Sources */,
				910090501E58B5450099E00E /* VideoView.swift in Sources */,
				91FA6F211D93CA9800D38DB4 /* VideoFrame.swift in Sources */,
				91629BF21F8E5099001193D0 /* Array+Base.swift in Sources */,
				9173595E1F2CCEBF00806F8B /* Configuration.swift in Sources */,
				9174A8911F73F89400D586C4 /* Role.swift in Sources */,
				9145A5901F0CB093002D6EC6 /* Utilities.swift in Sources */,
				915344121FE96F750083762B /* SoraError.swift in Sources */,
				9174A8991F73F9A200D586C4 /* TLSSecurityPolicy.swift in Sources */,
				9128A4A91F2A6CB100AC6B1E /* MediaStream.swift in Sources */,
				9141AB641F4204C0007C4D1C /* ConnectionTimer.swift in Sources */,
				C5D3C7421F7CEB18004660F5 /* VideoCapturerDevice.swift in Sources */,
				916B0B992553D9620035B5F9 /* AudioMode.swift in Sources */,
			);
			runOnlyForDeploymentPostprocessing = 0;
		};
		91C7B08F1D54636A006F5FA2 /* Sources */ = {
			isa = PBXSourcesBuildPhase;
			buildActionMask = 2147483647;
			files = (
				91C7B0991D54636A006F5FA2 /* SoraTests.swift in Sources */,
			);
			runOnlyForDeploymentPostprocessing = 0;
		};
/* End PBXSourcesBuildPhase section */

/* Begin PBXTargetDependency section */
		91C7B0961D54636A006F5FA2 /* PBXTargetDependency */ = {
			isa = PBXTargetDependency;
			target = 91C7B0881D54636A006F5FA2 /* Sora */;
			targetProxy = 91C7B0951D54636A006F5FA2 /* PBXContainerItemProxy */;
		};
/* End PBXTargetDependency section */

/* Begin XCBuildConfiguration section */
		91C7B09B1D54636A006F5FA2 /* Debug */ = {
			isa = XCBuildConfiguration;
			buildSettings = {
				ALWAYS_SEARCH_USER_PATHS = NO;
				CLANG_ANALYZER_LOCALIZABILITY_NONLOCALIZED = YES;
				CLANG_ANALYZER_NONNULL = YES;
				CLANG_CXX_LANGUAGE_STANDARD = "gnu++0x";
				CLANG_CXX_LIBRARY = "libc++";
				CLANG_ENABLE_MODULES = YES;
				CLANG_ENABLE_OBJC_ARC = YES;
				CLANG_WARN_BLOCK_CAPTURE_AUTORELEASING = YES;
				CLANG_WARN_BOOL_CONVERSION = YES;
				CLANG_WARN_COMMA = YES;
				CLANG_WARN_CONSTANT_CONVERSION = YES;
				CLANG_WARN_DEPRECATED_OBJC_IMPLEMENTATIONS = YES;
				CLANG_WARN_DIRECT_OBJC_ISA_USAGE = YES_ERROR;
				CLANG_WARN_EMPTY_BODY = YES;
				CLANG_WARN_ENUM_CONVERSION = YES;
				CLANG_WARN_INFINITE_RECURSION = YES;
				CLANG_WARN_INT_CONVERSION = YES;
				CLANG_WARN_NON_LITERAL_NULL_CONVERSION = YES;
				CLANG_WARN_OBJC_IMPLICIT_RETAIN_SELF = YES;
				CLANG_WARN_OBJC_LITERAL_CONVERSION = YES;
				CLANG_WARN_OBJC_ROOT_CLASS = YES_ERROR;
				CLANG_WARN_RANGE_LOOP_ANALYSIS = YES;
				CLANG_WARN_STRICT_PROTOTYPES = YES;
				CLANG_WARN_SUSPICIOUS_MOVE = YES;
				CLANG_WARN_UNREACHABLE_CODE = YES;
				CLANG_WARN__DUPLICATE_METHOD_MATCH = YES;
				"CODE_SIGN_IDENTITY[sdk=iphoneos*]" = "iPhone Developer";
				COPY_PHASE_STRIP = NO;
				CURRENT_PROJECT_VERSION = 1;
				DEBUG_INFORMATION_FORMAT = dwarf;
				ENABLE_STRICT_OBJC_MSGSEND = YES;
				ENABLE_TESTABILITY = YES;
				GCC_C_LANGUAGE_STANDARD = gnu99;
				GCC_DYNAMIC_NO_PIC = NO;
				GCC_NO_COMMON_BLOCKS = YES;
				GCC_OPTIMIZATION_LEVEL = 0;
				GCC_PREPROCESSOR_DEFINITIONS = (
					"DEBUG=1",
					"$(inherited)",
				);
				GCC_WARN_64_TO_32_BIT_CONVERSION = YES;
				GCC_WARN_ABOUT_RETURN_TYPE = YES_ERROR;
				GCC_WARN_UNDECLARED_SELECTOR = YES;
				GCC_WARN_UNINITIALIZED_AUTOS = YES_AGGRESSIVE;
				GCC_WARN_UNUSED_FUNCTION = YES;
				GCC_WARN_UNUSED_VARIABLE = YES;
				IPHONEOS_DEPLOYMENT_TARGET = 10.0;
				MTL_ENABLE_DEBUG_INFO = YES;
				ONLY_ACTIVE_ARCH = YES;
				PROVISIONING_PROFILE = "49e345ee-1e24-4cef-9228-9df5fc1f7525";
				SDKROOT = iphoneos;
				SWIFT_OPTIMIZATION_LEVEL = "-Onone";
				SWIFT_VERSION = 4.2;
				TARGETED_DEVICE_FAMILY = "1,2";
				VALID_ARCHS = "arm64 x86_64";
				VERSIONING_SYSTEM = "apple-generic";
				VERSION_INFO_PREFIX = "";
			};
			name = Debug;
		};
		91C7B09C1D54636A006F5FA2 /* Release */ = {
			isa = XCBuildConfiguration;
			buildSettings = {
				ALWAYS_SEARCH_USER_PATHS = NO;
				CLANG_ANALYZER_LOCALIZABILITY_NONLOCALIZED = YES;
				CLANG_ANALYZER_NONNULL = YES;
				CLANG_CXX_LANGUAGE_STANDARD = "gnu++0x";
				CLANG_CXX_LIBRARY = "libc++";
				CLANG_ENABLE_MODULES = YES;
				CLANG_ENABLE_OBJC_ARC = YES;
				CLANG_WARN_BLOCK_CAPTURE_AUTORELEASING = YES;
				CLANG_WARN_BOOL_CONVERSION = YES;
				CLANG_WARN_COMMA = YES;
				CLANG_WARN_CONSTANT_CONVERSION = YES;
				CLANG_WARN_DEPRECATED_OBJC_IMPLEMENTATIONS = YES;
				CLANG_WARN_DIRECT_OBJC_ISA_USAGE = YES_ERROR;
				CLANG_WARN_EMPTY_BODY = YES;
				CLANG_WARN_ENUM_CONVERSION = YES;
				CLANG_WARN_INFINITE_RECURSION = YES;
				CLANG_WARN_INT_CONVERSION = YES;
				CLANG_WARN_NON_LITERAL_NULL_CONVERSION = YES;
				CLANG_WARN_OBJC_IMPLICIT_RETAIN_SELF = YES;
				CLANG_WARN_OBJC_LITERAL_CONVERSION = YES;
				CLANG_WARN_OBJC_ROOT_CLASS = YES_ERROR;
				CLANG_WARN_RANGE_LOOP_ANALYSIS = YES;
				CLANG_WARN_STRICT_PROTOTYPES = YES;
				CLANG_WARN_SUSPICIOUS_MOVE = YES;
				CLANG_WARN_UNREACHABLE_CODE = YES;
				CLANG_WARN__DUPLICATE_METHOD_MATCH = YES;
				"CODE_SIGN_IDENTITY[sdk=iphoneos*]" = "iPhone Developer";
				COPY_PHASE_STRIP = NO;
				CURRENT_PROJECT_VERSION = 1;
				DEBUG_INFORMATION_FORMAT = "dwarf-with-dsym";
				ENABLE_NS_ASSERTIONS = NO;
				ENABLE_STRICT_OBJC_MSGSEND = YES;
				GCC_C_LANGUAGE_STANDARD = gnu99;
				GCC_NO_COMMON_BLOCKS = YES;
				GCC_WARN_64_TO_32_BIT_CONVERSION = YES;
				GCC_WARN_ABOUT_RETURN_TYPE = YES_ERROR;
				GCC_WARN_UNDECLARED_SELECTOR = YES;
				GCC_WARN_UNINITIALIZED_AUTOS = YES_AGGRESSIVE;
				GCC_WARN_UNUSED_FUNCTION = YES;
				GCC_WARN_UNUSED_VARIABLE = YES;
				IPHONEOS_DEPLOYMENT_TARGET = 10.0;
				MTL_ENABLE_DEBUG_INFO = NO;
				PROVISIONING_PROFILE = "49e345ee-1e24-4cef-9228-9df5fc1f7525";
				SDKROOT = iphoneos;
				SWIFT_OPTIMIZATION_LEVEL = "-Owholemodule";
				SWIFT_VERSION = 4.2;
				TARGETED_DEVICE_FAMILY = "1,2";
				VALIDATE_PRODUCT = YES;
				VALID_ARCHS = "arm64 x86_64";
				VERSIONING_SYSTEM = "apple-generic";
				VERSION_INFO_PREFIX = "";
			};
			name = Release;
		};
		91C7B09E1D54636A006F5FA2 /* Debug */ = {
			isa = XCBuildConfiguration;
			buildSettings = {
				CLANG_ENABLE_MODULES = YES;
				CODE_SIGN_IDENTITY = "";
				"CODE_SIGN_IDENTITY[sdk=iphoneos*]" = "iPhone Developer";
				CODE_SIGN_STYLE = Automatic;
				DEFINES_MODULE = YES;
				DEVELOPMENT_TEAM = DQ232CBKHS;
				DYLIB_COMPATIBILITY_VERSION = 1;
				DYLIB_CURRENT_VERSION = 1;
				DYLIB_INSTALL_NAME_BASE = "@rpath";
				ENABLE_BITCODE = YES;
				ENABLE_TESTABILITY = YES;
				FRAMEWORK_SEARCH_PATHS = "$(inherited)";
				GCC_OPTIMIZATION_LEVEL = 0;
				INFOPLIST_FILE = Sora/Info.plist;
				INSTALL_PATH = "$(LOCAL_LIBRARY_DIR)/Frameworks";
				IPHONEOS_DEPLOYMENT_TARGET = 12.1;
				LD_RUNPATH_SEARCH_PATHS = "$(inherited) @executable_path/Frameworks @loader_path/Frameworks";
				MARKETING_VERSION = 2020.7.0;
				PRODUCT_BUNDLE_IDENTIFIER = jp.shiguredo.sora.ios.sdk.Sora;
				PRODUCT_NAME = "$(TARGET_NAME)";
				PROVISIONING_PROFILE = "";
				PROVISIONING_PROFILE_SPECIFIER = "";
				SKIP_INSTALL = YES;
				SWIFT_OPTIMIZATION_LEVEL = "-Onone";
				SWIFT_SWIFT3_OBJC_INFERENCE = Off;
				SWIFT_VERSION = 5.0;
				VALID_ARCHS = "arm64 x86_64";
			};
			name = Debug;
		};
		91C7B09F1D54636A006F5FA2 /* Release */ = {
			isa = XCBuildConfiguration;
			buildSettings = {
				CLANG_ENABLE_MODULES = YES;
				CODE_SIGN_IDENTITY = "";
				"CODE_SIGN_IDENTITY[sdk=iphoneos*]" = "iPhone Developer";
				CODE_SIGN_STYLE = Automatic;
				DEFINES_MODULE = YES;
				DEVELOPMENT_TEAM = DQ232CBKHS;
				DYLIB_COMPATIBILITY_VERSION = 1;
				DYLIB_CURRENT_VERSION = 1;
				DYLIB_INSTALL_NAME_BASE = "@rpath";
				ENABLE_BITCODE = YES;
				ENABLE_TESTABILITY = YES;
				FRAMEWORK_SEARCH_PATHS = "$(inherited)";
				GCC_OPTIMIZATION_LEVEL = 0;
				INFOPLIST_FILE = Sora/Info.plist;
				INSTALL_PATH = "$(LOCAL_LIBRARY_DIR)/Frameworks";
				IPHONEOS_DEPLOYMENT_TARGET = 12.1;
				LD_RUNPATH_SEARCH_PATHS = "$(inherited) @executable_path/Frameworks @loader_path/Frameworks";
				MARKETING_VERSION = 2020.7.0;
				PRODUCT_BUNDLE_IDENTIFIER = jp.shiguredo.sora.ios.sdk.Sora;
				PRODUCT_NAME = "$(TARGET_NAME)";
				PROVISIONING_PROFILE = "";
				PROVISIONING_PROFILE_SPECIFIER = "";
				SKIP_INSTALL = YES;
				SWIFT_SWIFT3_OBJC_INFERENCE = Off;
				SWIFT_VERSION = 5.0;
				VALID_ARCHS = "arm64 x86_64";
			};
			name = Release;
		};
		91C7B0A11D54636A006F5FA2 /* Debug */ = {
			isa = XCBuildConfiguration;
			buildSettings = {
				CODE_SIGN_IDENTITY = "iPhone Developer";
				DEVELOPMENT_TEAM = DQ232CBKHS;
				ENABLE_TESTABILITY = YES;
				FRAMEWORK_SEARCH_PATHS = (
					"$(inherited)",
					"$(PROJECT_DIR)/Carthage/Build/iOS",
				);
				INFOPLIST_FILE = SoraTests/Info.plist;
				LD_RUNPATH_SEARCH_PATHS = "$(inherited) @executable_path/Frameworks @loader_path/Frameworks";
				PRODUCT_BUNDLE_IDENTIFIER = jp.shiguredo.SoraTests;
				PRODUCT_NAME = "$(TARGET_NAME)";
				PROVISIONING_PROFILE = "";
				PROVISIONING_PROFILE_SPECIFIER = "";
				SWIFT_SWIFT3_OBJC_INFERENCE = Default;
				SWIFT_VERSION = 5.0;
			};
			name = Debug;
		};
		91C7B0A21D54636A006F5FA2 /* Release */ = {
			isa = XCBuildConfiguration;
			buildSettings = {
				CODE_SIGN_IDENTITY = "iPhone Developer";
				DEVELOPMENT_TEAM = DQ232CBKHS;
				ENABLE_TESTABILITY = YES;
				FRAMEWORK_SEARCH_PATHS = (
					"$(inherited)",
					"$(PROJECT_DIR)/Carthage/Build/iOS",
				);
				INFOPLIST_FILE = SoraTests/Info.plist;
				LD_RUNPATH_SEARCH_PATHS = "$(inherited) @executable_path/Frameworks @loader_path/Frameworks";
				PRODUCT_BUNDLE_IDENTIFIER = jp.shiguredo.SoraTests;
				PRODUCT_NAME = "$(TARGET_NAME)";
				PROVISIONING_PROFILE = "";
				PROVISIONING_PROFILE_SPECIFIER = "";
				SWIFT_SWIFT3_OBJC_INFERENCE = Default;
				SWIFT_VERSION = 5.0;
			};
			name = Release;
		};
/* End XCBuildConfiguration section */

/* Begin XCConfigurationList section */
		91C7B0831D54636A006F5FA2 /* Build configuration list for PBXProject "Sora" */ = {
			isa = XCConfigurationList;
			buildConfigurations = (
				91C7B09B1D54636A006F5FA2 /* Debug */,
				91C7B09C1D54636A006F5FA2 /* Release */,
			);
			defaultConfigurationIsVisible = 0;
			defaultConfigurationName = Release;
		};
		91C7B09D1D54636A006F5FA2 /* Build configuration list for PBXNativeTarget "Sora" */ = {
			isa = XCConfigurationList;
			buildConfigurations = (
				91C7B09E1D54636A006F5FA2 /* Debug */,
				91C7B09F1D54636A006F5FA2 /* Release */,
			);
			defaultConfigurationIsVisible = 0;
			defaultConfigurationName = Release;
		};
		91C7B0A01D54636A006F5FA2 /* Build configuration list for PBXNativeTarget "SoraTests" */ = {
			isa = XCConfigurationList;
			buildConfigurations = (
				91C7B0A11D54636A006F5FA2 /* Debug */,
				91C7B0A21D54636A006F5FA2 /* Release */,
			);
			defaultConfigurationIsVisible = 0;
			defaultConfigurationName = Release;
		};
/* End XCConfigurationList section */
	};
	rootObject = 91C7B0801D54636A006F5FA2 /* Project object */;
}
